
Microsoft Visual Studio Solution File, Format Version 12.00
# Visual Studio Version 17
VisualStudioVersion = 17.9.34607.119
MinimumVisualStudioVersion = 10.0.40219.1
Project("{FAE04EC0-301F-11D3-BF4B-00C04F79EFBC}") = "ArraysListsDemoCSharp-45", "ArraysListsDemoCSharp-45\ArraysListsDemoCSharp-45.csproj", "{D2700870-0482-461F-822A-6F8CF17DAEF4}"
EndProject
Global
	GlobalSection(SolutionConfigurationPlatforms) = preSolution
		Debug|Any CPU = Debug|Any CPU
		Release|Any CPU = Release|Any CPU
	EndGlobalSection
	GlobalSection(ProjectConfigurationPlatforms) = postSolution
		{D2700870-0482-461F-822A-6F8CF17DAEF4}.Debug|Any CPU.ActiveCfg = Debug|Any CPU
		{D2700870-0482-461F-822A-6F8CF17DAEF4}.Debug|Any CPU.Build.0 = Debug|Any CPU
		{D2700870-0482-461F-822A-6F8CF17DAEF4}.Release|Any CPU.ActiveCfg = Release|Any CPU
		{D2700870-0482-461F-822A-6F8CF17DAEF4}.Release|Any CPU.Build.0 = Release|Any CPU
	EndGlobalSection
	GlobalSection(SolutionProperties) = preSolution
		HideSolutionNode = FALSE
	EndGlobalSection
	GlobalSection(ExtensibilityGlobals) = postSolution
		SolutionGuid = {3F7521C7-02DD-4EF2-98BF-A5C0916BEBC3}
	EndGlobalSection
EndGlobal
